
Microsoft Visual Studio Solution File, Format Version 12.00
# Visual Studio Version 16
VisualStudioVersion = 16.0.33328.57
MinimumVisualStudioVersion = 10.0.40219.1
Project("{FAE04EC0-301F-11D3-BF4B-00C04F79EFBC}") = "yumak", "yumak\yumak.csproj", "{5C7737AD-B5C8-4393-95A9-86FB501198A4}"
EndProject
Global
	GlobalSection(SolutionConfigurationPlatforms) = preSolution
		Debug|Any CPU = Debug|Any CPU
		Release|Any CPU = Release|Any CPU
	EndGlobalSection
	GlobalSection(ProjectConfigurationPlatforms) = postSolution
		{5C7737AD-B5C8-4393-95A9-86FB501198A4}.Debug|Any CPU.ActiveCfg = Debug|Any CPU
		{5C7737AD-B5C8-4393-95A9-86FB501198A4}.Debug|Any CPU.Build.0 = Debug|Any CPU
		{5C7737AD-B5C8-4393-95A9-86FB501198A4}.Release|Any CPU.ActiveCfg = Release|Any CPU
		{5C7737AD-B5C8-4393-95A9-86FB501198A4}.Release|Any CPU.Build.0 = Release|Any CPU
	EndGlobalSection
	GlobalSection(SolutionProperties) = preSolution
		HideSolutionNode = FALSE
	EndGlobalSection
	GlobalSection(ExtensibilityGlobals) = postSolution
		SolutionGuid = {E3DDD2FC-A704-4CE3-B690-2529808971B2}
	EndGlobalSection
EndGlobal
